
Microsoft Visual Studio Solution File, Format Version 12.00
# Visual Studio Version 16
VisualStudioVersion = 16.0.29209.62
MinimumVisualStudioVersion = 10.0.40219.1
Project("{FAE04EC0-301F-11D3-BF4B-00C04F79EFBC}") = "WindowsFormsApp6", "WindowsFormsApp6\WindowsFormsApp6.csproj", "{96CBF027-0979-4C59-BE03-B2D3240F899C}"
EndProject
Global
	GlobalSection(SolutionConfigurationPlatforms) = preSolution
		Debug|Any CPU = Debug|Any CPU
		Release|Any CPU = Release|Any CPU
	EndGlobalSection
	GlobalSection(ProjectConfigurationPlatforms) = postSolution
		{96CBF027-0979-4C59-BE03-B2D3240F899C}.Debug|Any CPU.ActiveCfg = Debug|Any CPU
		{96CBF027-0979-4C59-BE03-B2D3240F899C}.Debug|Any CPU.Build.0 = Debug|Any CPU
		{96CBF027-0979-4C59-BE03-B2D3240F899C}.Release|Any CPU.ActiveCfg = Release|Any CPU
		{96CBF027-0979-4C59-BE03-B2D3240F899C}.Release|Any CPU.Build.0 = Release|Any CPU
	EndGlobalSection
	GlobalSection(SolutionProperties) = preSolution
		HideSolutionNode = FALSE
	EndGlobalSection
	GlobalSection(ExtensibilityGlobals) = postSolution
		SolutionGuid = {E02BDFE9-2C9D-4510-832E-5D263D5BA8FC}
	EndGlobalSection
EndGlobal
